
Microsoft Visual Studio Solution File, Format Version 12.00
# Visual Studio 2012
Project("{FAE04EC0-301F-11D3-BF4B-00C04F79EFBC}") = "PassIssueSystem", "PassIssueSystem\PassIssueSystem.csproj", "{25CC905C-0BD5-4F95-BD09-801404342AA8}"
EndProject
Project("{FAE04EC0-301F-11D3-BF4B-00C04F79EFBC}") = "PassIssueServices", "PassIssueServices\PassIssueServices.csproj", "{F876BEF1-89B4-4033-99D5-0C971F7389CD}"
EndProject
Global
	GlobalSection(SolutionConfigurationPlatforms) = preSolution
		Debug|Any CPU = Debug|Any CPU
		Release|Any CPU = Release|Any CPU
	EndGlobalSection
	GlobalSection(ProjectConfigurationPlatforms) = postSolution
		{25CC905C-0BD5-4F95-BD09-801404342AA8}.Debug|Any CPU.ActiveCfg = Debug|Any CPU
		{25CC905C-0BD5-4F95-BD09-801404342AA8}.Debug|Any CPU.Build.0 = Debug|Any CPU
		{25CC905C-0BD5-4F95-BD09-801404342AA8}.Release|Any CPU.ActiveCfg = Release|Any CPU
		{25CC905C-0BD5-4F95-BD09-801404342AA8}.Release|Any CPU.Build.0 = Release|Any CPU
		{F876BEF1-89B4-4033-99D5-0C971F7389CD}.Debug|Any CPU.ActiveCfg = Debug|Any CPU
		{F876BEF1-89B4-4033-99D5-0C971F7389CD}.Debug|Any CPU.Build.0 = Debug|Any CPU
		{F876BEF1-89B4-4033-99D5-0C971F7389CD}.Release|Any CPU.ActiveCfg = Release|Any CPU
		{F876BEF1-89B4-4033-99D5-0C971F7389CD}.Release|Any CPU.Build.0 = Release|Any CPU
	EndGlobalSection
	GlobalSection(SolutionProperties) = preSolution
		HideSolutionNode = FALSE
	EndGlobalSection
EndGlobal
